
Microsoft Visual Studio Solution File, Format Version 12.00
# Visual Studio Version 17
VisualStudioVersion = 17.11.35312.102
MinimumVisualStudioVersion = 10.0.40219.1
Project("{2150E333-8FDC-42A3-9474-1A3956D46DE8}") = "Project.V2", "Project.V2", "{CE0CBAF3-2849-424D-84E2-B1A31A4491DB}"
EndProject
Project("{FAE04EC0-301F-11D3-BF4B-00C04F79EFBC}") = "Tyuiu.SychevAD.Sprint7.Project.V2.Test", "Tyuiu.SychevAD.Sprint7.Project.V2.Test\Tyuiu.SychevAD.Sprint7.Project.V2.Test.csproj", "{4678296A-5A38-44E9-8C5B-98E527C139C3}"
EndProject
Project("{FAE04EC0-301F-11D3-BF4B-00C04F79EFBC}") = "Tyuiu.SychevAD.Sprint7.Project.V2.Lib", "Tyuiu.SychevAD.Sprint7.Project.V2.Lib\Tyuiu.SychevAD.Sprint7.Project.V2.Lib.csproj", "{BDC20FF8-EE51-48C7-B734-58D552EC6136}"
EndProject
Project("{FAE04EC0-301F-11D3-BF4B-00C04F79EFBC}") = "Tyuiu.SychevAD.Sprint7.Project.V2", "Tyuiu.SychevAD.Sprint7.Project.V2\Tyuiu.SychevAD.Sprint7.Project.V2.csproj", "{785977EA-97DA-4DCA-85F8-1370555E3510}"
EndProject
Global
	GlobalSection(SolutionConfigurationPlatforms) = preSolution
		Debug|Any CPU = Debug|Any CPU
		Release|Any CPU = Release|Any CPU
	EndGlobalSection
	GlobalSection(ProjectConfigurationPlatforms) = postSolution
		{4678296A-5A38-44E9-8C5B-98E527C139C3}.Debug|Any CPU.ActiveCfg = Debug|Any CPU
		{4678296A-5A38-44E9-8C5B-98E527C139C3}.Debug|Any CPU.Build.0 = Debug|Any CPU
		{4678296A-5A38-44E9-8C5B-98E527C139C3}.Release|Any CPU.ActiveCfg = Release|Any CPU
		{4678296A-5A38-44E9-8C5B-98E527C139C3}.Release|Any CPU.Build.0 = Release|Any CPU
		{BDC20FF8-EE51-48C7-B734-58D552EC6136}.Debug|Any CPU.ActiveCfg = Debug|Any CPU
		{BDC20FF8-EE51-48C7-B734-58D552EC6136}.Debug|Any CPU.Build.0 = Debug|Any CPU
		{BDC20FF8-EE51-48C7-B734-58D552EC6136}.Release|Any CPU.ActiveCfg = Release|Any CPU
		{BDC20FF8-EE51-48C7-B734-58D552EC6136}.Release|Any CPU.Build.0 = Release|Any CPU
		{785977EA-97DA-4DCA-85F8-1370555E3510}.Debug|Any CPU.ActiveCfg = Debug|Any CPU
		{785977EA-97DA-4DCA-85F8-1370555E3510}.Debug|Any CPU.Build.0 = Debug|Any CPU
		{785977EA-97DA-4DCA-85F8-1370555E3510}.Release|Any CPU.ActiveCfg = Release|Any CPU
		{785977EA-97DA-4DCA-85F8-1370555E3510}.Release|Any CPU.Build.0 = Release|Any CPU
	EndGlobalSection
	GlobalSection(SolutionProperties) = preSolution
		HideSolutionNode = FALSE
	EndGlobalSection
	GlobalSection(NestedProjects) = preSolution
		{4678296A-5A38-44E9-8C5B-98E527C139C3} = {CE0CBAF3-2849-424D-84E2-B1A31A4491DB}
		{BDC20FF8-EE51-48C7-B734-58D552EC6136} = {CE0CBAF3-2849-424D-84E2-B1A31A4491DB}
		{785977EA-97DA-4DCA-85F8-1370555E3510} = {CE0CBAF3-2849-424D-84E2-B1A31A4491DB}
	EndGlobalSection
	GlobalSection(ExtensibilityGlobals) = postSolution
		SolutionGuid = {9FDDCE16-F5B0-4898-B07B-64339E1BFA42}
	EndGlobalSection
EndGlobal
